
Microsoft Visual Studio Solution File, Format Version 12.00
# Visual Studio Version 17
VisualStudioVersion = 17.14.36811.4 d17.14
MinimumVisualStudioVersion = 10.0.40219.1
Project("{FAE04EC0-301F-11D3-BF4B-00C04F79EFBC}") = "DiaryApp", "DiaryApp\DiaryApp.csproj", "{CCB5F5DF-92DE-4BA2-BB7D-41B29957018E}"
EndProject
Global
	GlobalSection(SolutionConfigurationPlatforms) = preSolution
		Debug|Any CPU = Debug|Any CPU
		Release|Any CPU = Release|Any CPU
	EndGlobalSection
	GlobalSection(ProjectConfigurationPlatforms) = postSolution
		{CCB5F5DF-92DE-4BA2-BB7D-41B29957018E}.Debug|Any CPU.ActiveCfg = Debug|Any CPU
		{CCB5F5DF-92DE-4BA2-BB7D-41B29957018E}.Debug|Any CPU.Build.0 = Debug|Any CPU
		{CCB5F5DF-92DE-4BA2-BB7D-41B29957018E}.Release|Any CPU.ActiveCfg = Release|Any CPU
		{CCB5F5DF-92DE-4BA2-BB7D-41B29957018E}.Release|Any CPU.Build.0 = Release|Any CPU
	EndGlobalSection
	GlobalSection(SolutionProperties) = preSolution
		HideSolutionNode = FALSE
	EndGlobalSection
	GlobalSection(ExtensibilityGlobals) = postSolution
		SolutionGuid = {DDBE4FBE-05E7-4CBF-96F0-0C6DB3DB8D30}
	EndGlobalSection
EndGlobal
